// !$*UTF8*$!
{
	archiveVersion = 1;
	classes = {
	};
	objectVersion = 56;
	objects = {

/* Begin PBXBuildFile section */
		1B51243D2C3CED7500D449BD /* WarmingUpWithSwiftApp.swift in Sources */ = {isa = PBXBuildFile; fileRef = 1B51243C2C3CED7500D449BD /* WarmingUpWithSwiftApp.swift */; };
		1B51243F2C3CED7500D449BD /* ContentView.swift in Sources */ = {isa = PBXBuildFile; fileRef = 1B51243E2C3CED7500D449BD /* ContentView.swift */; };
		1B5124412C3CED7600D449BD /* Assets.xcassets in Resources */ = {isa = PBXBuildFile; fileRef = 1B5124402C3CED7600D449BD /* Assets.xcassets */; };
		1B5124442C3CED7600D449BD /* Preview Assets.xcassets in Resources */ = {isa = PBXBuildFile; fileRef = 1B5124432C3CED7600D449BD /* Preview Assets.xcassets */; };
		1B51244D2C3CEEBF00D449BD /* ListView.swift in Sources */ = {isa = PBXBuildFile; fileRef = 1B51244C2C3CEEBF00D449BD /* ListView.swift */; };
		1B51244F2C3CFE3B00D449BD /* ListView2.swift in Sources */ = {isa = PBXBuildFile; fileRef = 1B51244E2C3CFE3B00D449BD /* ListView2.swift */; };
		1B5124512C3E26AB00D449BD /* ModalView.swift in Sources */ = {isa = PBXBuildFile; fileRef = 1B5124502C3E26AB00D449BD /* ModalView.swift */; };
		1B5124562C3E2E7500D449BD /* SecondPage.swift in Sources */ = {isa = PBXBuildFile; fileRef = 1B5124552C3E2E7500D449BD /* SecondPage.swift */; };
		1B5124592C3E336500D449BD /* NavigationView.swift in Sources */ = {isa = PBXBuildFile; fileRef = 1B5124582C3E336500D449BD /* NavigationView.swift */; };
		1B51245B2C3E4DC400D449BD /* AddPage.swift in Sources */ = {isa = PBXBuildFile; fileRef = 1B51245A2C3E4DC400D449BD /* AddPage.swift */; };
		1B5124612C3E600D00D449BD /* MyTabView.swift in Sources */ = {isa = PBXBuildFile; fileRef = 1B5124602C3E600D00D449BD /* MyTabView.swift */; };
		1B5124632C3EC52200D449BD /* ReceivedView.swift in Sources */ = {isa = PBXBuildFile; fileRef = 1B5124622C3EC52200D449BD /* ReceivedView.swift */; };
		1B5124652C3EC52B00D449BD /* SentView.swift in Sources */ = {isa = PBXBuildFile; fileRef = 1B5124642C3EC52B00D449BD /* SentView.swift */; };
		1B5124672C3EC53200D449BD /* AccountView.swift in Sources */ = {isa = PBXBuildFile; fileRef = 1B5124662C3EC53200D449BD /* AccountView.swift */; };
/* End PBXBuildFile section */

/* Begin PBXFileReference section */
		1B5124392C3CED7500D449BD /* WarmingUpWithSwift.app */ = {isa = PBXFileReference; explicitFileType = wrapper.application; includeInIndex = 0; path = WarmingUpWithSwift.app; sourceTree = BUILT_PRODUCTS_DIR; };
		1B51243C2C3CED7500D449BD /* WarmingUpWithSwiftApp.swift */ = {isa = PBXFileReference; lastKnownFileType = sourcecode.swift; path = WarmingUpWithSwiftApp.swift; sourceTree = "<group>"; };
		1B51243E2C3CED7500D449BD /* ContentView.swift */ = {isa = PBXFileReference; lastKnownFileType = sourcecode.swift; path = ContentView.swift; sourceTree = "<group>"; };
		1B5124402C3CED7600D449BD /* Assets.xcassets */ = {isa = PBXFileReference; lastKnownFileType = folder.assetcatalog; path = Assets.xcassets; sourceTree = "<group>"; };
		1B5124432C3CED7600D449BD /* Preview Assets.xcassets */ = {isa = PBXFileReference; lastKnownFileType = folder.assetcatalog; path = "Preview Assets.xcassets"; sourceTree = "<group>"; };
		1B51244C2C3CEEBF00D449BD /* ListView.swift */ = {isa = PBXFileReference; lastKnownFileType = sourcecode.swift; path = ListView.swift; sourceTree = "<group>"; };
		1B51244E2C3CFE3B00D449BD /* ListView2.swift */ = {isa = PBXFileReference; lastKnownFileType = sourcecode.swift; path = ListView2.swift; sourceTree = "<group>"; };
		1B5124502C3E26AB00D449BD /* ModalView.swift */ = {isa = PBXFileReference; lastKnownFileType = sourcecode.swift; path = ModalView.swift; sourceTree = "<group>"; };
		1B5124552C3E2E7500D449BD /* SecondPage.swift */ = {isa = PBXFileReference; lastKnownFileType = sourcecode.swift; path = SecondPage.swift; sourceTree = "<group>"; };
		1B5124582C3E336500D449BD /* NavigationView.swift */ = {isa = PBXFileReference; lastKnownFileType = sourcecode.swift; path = NavigationView.swift; sourceTree = "<group>"; };
		1B51245A2C3E4DC400D449BD /* AddPage.swift */ = {isa = PBXFileReference; lastKnownFileType = sourcecode.swift; path = AddPage.swift; sourceTree = "<group>"; };
		1B5124602C3E600D00D449BD /* MyTabView.swift */ = {isa = PBXFileReference; lastKnownFileType = sourcecode.swift; path = MyTabView.swift; sourceTree = "<group>"; };
		1B5124622C3EC52200D449BD /* ReceivedView.swift */ = {isa = PBXFileReference; lastKnownFileType = sourcecode.swift; path = ReceivedView.swift; sourceTree = "<group>"; };
		1B5124642C3EC52B00D449BD /* SentView.swift */ = {isa = PBXFileReference; lastKnownFileType = sourcecode.swift; path = SentView.swift; sourceTree = "<group>"; };
		1B5124662C3EC53200D449BD /* AccountView.swift */ = {isa = PBXFileReference; lastKnownFileType = sourcecode.swift; path = AccountView.swift; sourceTree = "<group>"; };
/* End PBXFileReference section */

/* Begin PBXFrameworksBuildPhase section */
		1B5124362C3CED7500D449BD /* Frameworks */ = {
			isa = PBXFrameworksBuildPhase;
			buildActionMask = 2147483647;
			files = (
			);
			runOnlyForDeploymentPostprocessing = 0;
		};
/* End PBXFrameworksBuildPhase section */

/* Begin PBXGroup section */
		1B5124302C3CED7500D449BD = {
			isa = PBXGroup;
			children = (
				1B51243B2C3CED7500D449BD /* WarmingUpWithSwift */,
				1B51243A2C3CED7500D449BD /* Products */,
			);
			sourceTree = "<group>";
		};
		1B51243A2C3CED7500D449BD /* Products */ = {
			isa = PBXGroup;
			children = (
				1B5124392C3CED7500D449BD /* WarmingUpWithSwift.app */,
			);
			name = Products;
			sourceTree = "<group>";
		};
		1B51243B2C3CED7500D449BD /* WarmingUpWithSwift */ = {
			isa = PBXGroup;
			children = (
				1B51245F2C3E5FFB00D449BD /* 04_TabView */,
				1B5124572C3E334D00D449BD /* 03_NavigationView */,
				1B5124542C3E27B800D449BD /* 02_ModalView */,
				1B5124522C3E279B00D449BD /* 01_ListView */,
				1B51243C2C3CED7500D449BD /* WarmingUpWithSwiftApp.swift */,
				1B51243E2C3CED7500D449BD /* ContentView.swift */,
				1B5124402C3CED7600D449BD /* Assets.xcassets */,
				1B5124422C3CED7600D449BD /* Preview Content */,
			);
			path = WarmingUpWithSwift;
			sourceTree = "<group>";
		};
		1B5124422C3CED7600D449BD /* Preview Content */ = {
			isa = PBXGroup;
			children = (
				1B5124432C3CED7600D449BD /* Preview Assets.xcassets */,
			);
			path = "Preview Content";
			sourceTree = "<group>";
		};
		1B5124522C3E279B00D449BD /* 01_ListView */ = {
			isa = PBXGroup;
			children = (
				1B51244C2C3CEEBF00D449BD /* ListView.swift */,
				1B51244E2C3CFE3B00D449BD /* ListView2.swift */,
			);
			path = 01_ListView;
			sourceTree = "<group>";
		};
		1B5124542C3E27B800D449BD /* 02_ModalView */ = {
			isa = PBXGroup;
			children = (
				1B5124502C3E26AB00D449BD /* ModalView.swift */,
				1B5124552C3E2E7500D449BD /* SecondPage.swift */,
			);
			path = 02_ModalView;
			sourceTree = "<group>";
		};
		1B5124572C3E334D00D449BD /* 03_NavigationView */ = {
			isa = PBXGroup;
			children = (
				1B5124582C3E336500D449BD /* NavigationView.swift */,
				1B51245A2C3E4DC400D449BD /* AddPage.swift */,
			);
			path = 03_NavigationView;
			sourceTree = "<group>";
		};
		1B51245F2C3E5FFB00D449BD /* 04_TabView */ = {
			isa = PBXGroup;
			children = (
				1B5124602C3E600D00D449BD /* MyTabView.swift */,
				1B5124662C3EC53200D449BD /* AccountView.swift */,
				1B5124642C3EC52B00D449BD /* SentView.swift */,
				1B5124622C3EC52200D449BD /* ReceivedView.swift */,
			);
			path = 04_TabView;
			sourceTree = "<group>";
		};
/* End PBXGroup section */

/* Begin PBXNativeTarget section */
		1B5124382C3CED7500D449BD /* WarmingUpWithSwift */ = {
			isa = PBXNativeTarget;
			buildConfigurationList = 1B5124472C3CED7600D449BD /* Build configuration list for PBXNativeTarget "WarmingUpWithSwift" */;
			buildPhases = (
				1B5124352C3CED7500D449BD /* Sources */,
				1B5124362C3CED7500D449BD /* Frameworks */,
				1B5124372C3CED7500D449BD /* Resources */,
			);
			buildRules = (
			);
			dependencies = (
			);
			name = WarmingUpWithSwift;
			productName = WarmingUpWithSwift;
			productReference = 1B5124392C3CED7500D449BD /* WarmingUpWithSwift.app */;
			productType = "com.apple.product-type.application";
		};
/* End PBXNativeTarget section */

/* Begin PBXProject section */
		1B5124312C3CED7500D449BD /* Project object */ = {
			isa = PBXProject;
			attributes = {
				BuildIndependentTargetsInParallel = 1;
				LastSwiftUpdateCheck = 1540;
				LastUpgradeCheck = 1540;
				TargetAttributes = {
					1B5124382C3CED7500D449BD = {
						CreatedOnToolsVersion = 15.4;
					};
				};
			};
			buildConfigurationList = 1B5124342C3CED7500D449BD /* Build configuration list for PBXProject "WarmingUpWithSwift" */;
			compatibilityVersion = "Xcode 14.0";
			developmentRegion = en;
			hasScannedForEncodings = 0;
			knownRegions = (
				en,
				Base,
			);
			mainGroup = 1B5124302C3CED7500D449BD;
			productRefGroup = 1B51243A2C3CED7500D449BD /* Products */;
			projectDirPath = "";
			projectRoot = "";
			targets = (
				1B5124382C3CED7500D449BD /* WarmingUpWithSwift */,
			);
		};
/* End PBXProject section */

/* Begin PBXResourcesBuildPhase section */
		1B5124372C3CED7500D449BD /* Resources */ = {
			isa = PBXResourcesBuildPhase;
			buildActionMask = 2147483647;
			files = (
				1B5124442C3CED7600D449BD /* Preview Assets.xcassets in Resources */,
				1B5124412C3CED7600D449BD /* Assets.xcassets in Resources */,
			);
			runOnlyForDeploymentPostprocessing = 0;
		};
/* End PBXResourcesBuildPhase section */

/* Begin PBXSourcesBuildPhase section */
		1B5124352C3CED7500D449BD /* Sources */ = {
			isa = PBXSourcesBuildPhase;
			buildActionMask = 2147483647;
			files = (
				1B5124672C3EC53200D449BD /* AccountView.swift in Sources */,
				1B5124592C3E336500D449BD /* NavigationView.swift in Sources */,
				1B5124512C3E26AB00D449BD /* ModalView.swift in Sources */,
				1B51243F2C3CED7500D449BD /* ContentView.swift in Sources */,
				1B5124562C3E2E7500D449BD /* SecondPage.swift in Sources */,
				1B51243D2C3CED7500D449BD /* WarmingUpWithSwiftApp.swift in Sources */,
				1B5124652C3EC52B00D449BD /* SentView.swift in Sources */,
				1B5124632C3EC52200D449BD /* ReceivedView.swift in Sources */,
				1B51244D2C3CEEBF00D449BD /* ListView.swift in Sources */,
				1B51245B2C3E4DC400D449BD /* AddPage.swift in Sources */,
				1B5124612C3E600D00D449BD /* MyTabView.swift in Sources */,
				1B51244F2C3CFE3B00D449BD /* ListView2.swift in Sources */,
			);
			runOnlyForDeploymentPostprocessing = 0;
		};
/* End PBXSourcesBuildPhase section */

/* Begin XCBuildConfiguration section */
		1B5124452C3CED7600D449BD /* Debug */ = {
			isa = XCBuildConfiguration;
			buildSettings = {
				ALWAYS_SEARCH_USER_PATHS = NO;
				ASSETCATALOG_COMPILER_GENERATE_SWIFT_ASSET_SYMBOL_EXTENSIONS = YES;
				CLANG_ANALYZER_NONNULL = YES;
				CLANG_ANALYZER_NUMBER_OBJECT_CONVERSION = YES_AGGRESSIVE;
				CLANG_CXX_LANGUAGE_STANDARD = "gnu++20";
				CLANG_ENABLE_MODULES = YES;
				CLANG_ENABLE_OBJC_ARC = YES;
				CLANG_ENABLE_OBJC_WEAK = YES;
				CLANG_WARN_BLOCK_CAPTURE_AUTORELEASING = YES;
				CLANG_WARN_BOOL_CONVERSION = YES;
				CLANG_WARN_COMMA = YES;
				CLANG_WARN_CONSTANT_CONVERSION = YES;
				CLANG_WARN_DEPRECATED_OBJC_IMPLEMENTATIONS = YES;
				CLANG_WARN_DIRECT_OBJC_ISA_USAGE = YES_ERROR;
				CLANG_WARN_DOCUMENTATION_COMMENTS = YES;
				CLANG_WARN_EMPTY_BODY = YES;
				CLANG_WARN_ENUM_CONVERSION = YES;
				CLANG_WARN_INFINITE_RECURSION = YES;
				CLANG_WARN_INT_CONVERSION = YES;
				CLANG_WARN_NON_LITERAL_NULL_CONVERSION = YES;
				CLANG_WARN_OBJC_IMPLICIT_RETAIN_SELF = YES;
				CLANG_WARN_OBJC_LITERAL_CONVERSION = YES;
				CLANG_WARN_OBJC_ROOT_CLASS = YES_ERROR;
				CLANG_WARN_QUOTED_INCLUDE_IN_FRAMEWORK_HEADER = YES;
				CLANG_WARN_RANGE_LOOP_ANALYSIS = YES;
				CLANG_WARN_STRICT_PROTOTYPES = YES;
				CLANG_WARN_SUSPICIOUS_MOVE = YES;
				CLANG_WARN_UNGUARDED_AVAILABILITY = YES_AGGRESSIVE;
				CLANG_WARN_UNREACHABLE_CODE = YES;
				CLANG_WARN__DUPLICATE_METHOD_MATCH = YES;
				COPY_PHASE_STRIP = NO;
				DEBUG_INFORMATION_FORMAT = dwarf;
				ENABLE_STRICT_OBJC_MSGSEND = YES;
				ENABLE_TESTABILITY = YES;
				ENABLE_USER_SCRIPT_SANDBOXING = YES;
				GCC_C_LANGUAGE_STANDARD = gnu17;
				GCC_DYNAMIC_NO_PIC = NO;
				GCC_NO_COMMON_BLOCKS = YES;
				GCC_OPTIMIZATION_LEVEL = 0;
				GCC_PREPROCESSOR_DEFINITIONS = (
					"DEBUG=1",
					"$(inherited)",
				);
				GCC_WARN_64_TO_32_BIT_CONVERSION = YES;
				GCC_WARN_ABOUT_RETURN_TYPE = YES_ERROR;
				GCC_WARN_UNDECLARED_SELECTOR = YES;
				GCC_WARN_UNINITIALIZED_AUTOS = YES_AGGRESSIVE;
				GCC_WARN_UNUSED_FUNCTION = YES;
				GCC_WARN_UNUSED_VARIABLE = YES;
				IPHONEOS_DEPLOYMENT_TARGET = 17.5;
				LOCALIZATION_PREFERS_STRING_CATALOGS = YES;
				MTL_ENABLE_DEBUG_INFO = INCLUDE_SOURCE;
				MTL_FAST_MATH = YES;
				ONLY_ACTIVE_ARCH = YES;
				SDKROOT = iphoneos;
				SWIFT_ACTIVE_COMPILATION_CONDITIONS = "DEBUG $(inherited)";
				SWIFT_OPTIMIZATION_LEVEL = "-Onone";
			};
			name = Debug;
		};
		1B5124462C3CED7600D449BD /* Release */ = {
			isa = XCBuildConfiguration;
			buildSettings = {
				ALWAYS_SEARCH_USER_PATHS = NO;
				ASSETCATALOG_COMPILER_GENERATE_SWIFT_ASSET_SYMBOL_EXTENSIONS = YES;
				CLANG_ANALYZER_NONNULL = YES;
				CLANG_ANALYZER_NUMBER_OBJECT_CONVERSION = YES_AGGRESSIVE;
				CLANG_CXX_LANGUAGE_STANDARD = "gnu++20";
				CLANG_ENABLE_MODULES = YES;
				CLANG_ENABLE_OBJC_ARC = YES;
				CLANG_ENABLE_OBJC_WEAK = YES;
				CLANG_WARN_BLOCK_CAPTURE_AUTORELEASING = YES;
				CLANG_WARN_BOOL_CONVERSION = YES;
				CLANG_WARN_COMMA = YES;
				CLANG_WARN_CONSTANT_CONVERSION = YES;
				CLANG_WARN_DEPRECATED_OBJC_IMPLEMENTATIONS = YES;
				CLANG_WARN_DIRECT_OBJC_ISA_USAGE = YES_ERROR;
				CLANG_WARN_DOCUMENTATION_COMMENTS = YES;
				CLANG_WARN_EMPTY_BODY = YES;
				CLANG_WARN_ENUM_CONVERSION = YES;
				CLANG_WARN_INFINITE_RECURSION = YES;
				CLANG_WARN_INT_CONVERSION = YES;
				CLANG_WARN_NON_LITERAL_NULL_CONVERSION = YES;
				CLANG_WARN_OBJC_IMPLICIT_RETAIN_SELF = YES;
				CLANG_WARN_OBJC_LITERAL_CONVERSION = YES;
				CLANG_WARN_OBJC_ROOT_CLASS = YES_ERROR;
				CLANG_WARN_QUOTED_INCLUDE_IN_FRAMEWORK_HEADER = YES;
				CLANG_WARN_RANGE_LOOP_ANALYSIS = YES;
				CLANG_WARN_STRICT_PROTOTYPES = YES;
				CLANG_WARN_SUSPICIOUS_MOVE = YES;
				CLANG_WARN_UNGUARDED_AVAILABILITY = YES_AGGRESSIVE;
				CLANG_WARN_UNREACHABLE_CODE = YES;
				CLANG_WARN__DUPLICATE_METHOD_MATCH = YES;
				COPY_PHASE_STRIP = NO;
				DEBUG_INFORMATION_FORMAT = "dwarf-with-dsym";
				ENABLE_NS_ASSERTIONS = NO;
				ENABLE_STRICT_OBJC_MSGSEND = YES;
				ENABLE_USER_SCRIPT_SANDBOXING = YES;
				GCC_C_LANGUAGE_STANDARD = gnu17;
				GCC_NO_COMMON_BLOCKS = YES;
				GCC_WARN_64_TO_32_BIT_CONVERSION = YES;
				GCC_WARN_ABOUT_RETURN_TYPE = YES_ERROR;
				GCC_WARN_UNDECLARED_SELECTOR = YES;
				GCC_WARN_UNINITIALIZED_AUTOS = YES_AGGRESSIVE;
				GCC_WARN_UNUSED_FUNCTION = YES;
				GCC_WARN_UNUSED_VARIABLE = YES;
				IPHONEOS_DEPLOYMENT_TARGET = 17.5;
				LOCALIZATION_PREFERS_STRING_CATALOGS = YES;
				MTL_ENABLE_DEBUG_INFO = NO;
				MTL_FAST_MATH = YES;
				SDKROOT = iphoneos;
				SWIFT_COMPILATION_MODE = wholemodule;
				VALIDATE_PRODUCT = YES;
			};
			name = Release;
		};
		1B5124482C3CED7600D449BD /* Debug */ = {
			isa = XCBuildConfiguration;
			buildSettings = {
				ASSETCATALOG_COMPILER_APPICON_NAME = AppIcon;
				ASSETCATALOG_COMPILER_GLOBAL_ACCENT_COLOR_NAME = AccentColor;
				CODE_SIGN_STYLE = Automatic;
				CURRENT_PROJECT_VERSION = 1;
				DEVELOPMENT_ASSET_PATHS = "\"WarmingUpWithSwift/Preview Content\"";
				ENABLE_PREVIEWS = YES;
				GENERATE_INFOPLIST_FILE = YES;
				INFOPLIST_KEY_UIApplicationSceneManifest_Generation = YES;
				INFOPLIST_KEY_UIApplicationSupportsIndirectInputEvents = YES;
				INFOPLIST_KEY_UILaunchScreen_Generation = YES;
				INFOPLIST_KEY_UISupportedInterfaceOrientations_iPad = "UIInterfaceOrientationPortrait UIInterfaceOrientationPortraitUpsideDown UIInterfaceOrientationLandscapeLeft UIInterfaceOrientationLandscapeRight";
				INFOPLIST_KEY_UISupportedInterfaceOrientations_iPhone = "UIInterfaceOrientationPortrait UIInterfaceOrientationLandscapeLeft UIInterfaceOrientationLandscapeRight";
				LD_RUNPATH_SEARCH_PATHS = (
					"$(inherited)",
					"@executable_path/Frameworks",
				);
				MARKETING_VERSION = 1.0;
				PRODUCT_BUNDLE_IDENTIFIER = sangwon.WarmingUpWithSwift;
				PRODUCT_NAME = "$(TARGET_NAME)";
				SWIFT_EMIT_LOC_STRINGS = YES;
				SWIFT_VERSION = 5.0;
				TARGETED_DEVICE_FAMILY = "1,2";
			};
			name = Debug;
		};
		1B5124492C3CED7600D449BD /* Release */ = {
			isa = XCBuildConfiguration;
			buildSettings = {
				ASSETCATALOG_COMPILER_APPICON_NAME = AppIcon;
				ASSETCATALOG_COMPILER_GLOBAL_ACCENT_COLOR_NAME = AccentColor;
				CODE_SIGN_STYLE = Automatic;
				CURRENT_PROJECT_VERSION = 1;
				DEVELOPMENT_ASSET_PATHS = "\"WarmingUpWithSwift/Preview Content\"";
				ENABLE_PREVIEWS = YES;
				GENERATE_INFOPLIST_FILE = YES;
				INFOPLIST_KEY_UIApplicationSceneManifest_Generation = YES;
				INFOPLIST_KEY_UIApplicationSupportsIndirectInputEvents = YES;
				INFOPLIST_KEY_UILaunchScreen_Generation = YES;
				INFOPLIST_KEY_UISupportedInterfaceOrientations_iPad = "UIInterfaceOrientationPortrait UIInterfaceOrientationPortraitUpsideDown UIInterfaceOrientationLandscapeLeft UIInterfaceOrientationLandscapeRight";
				INFOPLIST_KEY_UISupportedInterfaceOrientations_iPhone = "UIInterfaceOrientationPortrait UIInterfaceOrientationLandscapeLeft UIInterfaceOrientationLandscapeRight";
				LD_RUNPATH_SEARCH_PATHS = (
					"$(inherited)",
					"@executable_path/Frameworks",
				);
				MARKETING_VERSION = 1.0;
				PRODUCT_BUNDLE_IDENTIFIER = sangwon.WarmingUpWithSwift;
				PRODUCT_NAME = "$(TARGET_NAME)";
				SWIFT_EMIT_LOC_STRINGS = YES;
				SWIFT_VERSION = 5.0;
				TARGETED_DEVICE_FAMILY = "1,2";
			};
			name = Release;
		};
/* End XCBuildConfiguration section */

/* Begin XCConfigurationList section */
		1B5124342C3CED7500D449BD /* Build configuration list for PBXProject "WarmingUpWithSwift" */ = {
			isa = XCConfigurationList;
			buildConfigurations = (
				1B5124452C3CED7600D449BD /* Debug */,
				1B5124462C3CED7600D449BD /* Release */,
			);
			defaultConfigurationIsVisible = 0;
			defaultConfigurationName = Release;
		};
		1B5124472C3CED7600D449BD /* Build configuration list for PBXNativeTarget "WarmingUpWithSwift" */ = {
			isa = XCConfigurationList;
			buildConfigurations = (
				1B5124482C3CED7600D449BD /* Debug */,
				1B5124492C3CED7600D449BD /* Release */,
			);
			defaultConfigurationIsVisible = 0;
			defaultConfigurationName = Release;
		};
/* End XCConfigurationList section */
	};
	rootObject = 1B5124312C3CED7500D449BD /* Project object */;
}
